
Microsoft Visual Studio Solution File, Format Version 12.00
# Visual Studio Version 17
VisualStudioVersion = 17.14.36109.1
MinimumVisualStudioVersion = 10.0.40219.1
Project("{2150E333-8FDC-42A3-9474-1A3956D46DE8}") = "src", "src", "{02EA681E-C7D8-13C7-8484-4AC65E1B71E8}"
	ProjectSection(SolutionItems) = preProject
		docker-compose.yml = docker-compose.yml
	EndProjectSection
EndProject
Project("{2150E333-8FDC-42A3-9474-1A3956D46DE8}") = "Modules", "Modules", "{1DBB3BE4-6D03-412F-AAE6-2CB0E6962C61}"
EndProject
Project("{2150E333-8FDC-42A3-9474-1A3956D46DE8}") = "Api", "Api", "{76A50A81-5866-468B-93B7-E233F70FCCD3}"
EndProject
Project("{2150E333-8FDC-42A3-9474-1A3956D46DE8}") = "UserAccess", "UserAccess", "{5F03AF15-79F3-4DDD-80E6-132DED96402A}"
EndProject
Project("{FAE04EC0-301F-11D3-BF4B-00C04F79EFBC}") = "CleanOpsAi.Modules.UserAccess.Application", "src\Modules\UserAccess\CleanOpsAi.Modules.UserAccess.Application\CleanOpsAi.Modules.UserAccess.Application.csproj", "{ADEF7E0E-04F4-497A-4582-555F22837BF0}"
EndProject
Project("{FAE04EC0-301F-11D3-BF4B-00C04F79EFBC}") = "CleanOpsAi.Modules.UserAccess.Domain", "src\Modules\UserAccess\CleanOpsAi.Modules.UserAccess.Domain\CleanOpsAi.Modules.UserAccess.Domain.csproj", "{F841C82C-3C91-13A8-4D4E-673B863A28D0}"
EndProject
Project("{FAE04EC0-301F-11D3-BF4B-00C04F79EFBC}") = "CleanOpsAi.Modules.UserAccess.Infrastructure", "src\Modules\UserAccess\CleanOpsAi.Modules.UserAccess.Infrastructure\CleanOpsAi.Modules.UserAccess.Infrastructure.csproj", "{2B3E34B8-6F4F-A55F-4D0E-58D512E90460}"
EndProject
Project("{FAE04EC0-301F-11D3-BF4B-00C04F79EFBC}") = "CleanOpsAi.Modules.UserAccess.IntegrationEvents", "src\Modules\UserAccess\CleanOpsAi.Modules.UserAccess.IntegrationEvents\CleanOpsAi.Modules.UserAccess.IntegrationEvents.csproj", "{7BF8E2D3-BC3C-CFC7-F681-F99AA998EE05}"
EndProject
Project("{FAE04EC0-301F-11D3-BF4B-00C04F79EFBC}") = "CleanOpsAi.Api", "src\Api\CleanOpsAi.Api\CleanOpsAi.Api.csproj", "{ED29F581-36E1-8D9B-EBDA-EBB8882E7894}"
EndProject
Project("{2150E333-8FDC-42A3-9474-1A3956D46DE8}") = "BuildingBlocks", "BuildingBlocks", "{489CC58D-6D10-44E8-AD3C-A7DCCF18197D}"
EndProject
Project("{FAE04EC0-301F-11D3-BF4B-00C04F79EFBC}") = "CleanOpsAi.BuildingBlocks.Domain", "src\BuildingBlocks\CleanOpsAi.BuildingBlocks.Domain\CleanOpsAi.BuildingBlocks.Domain.csproj", "{3D8EDD0A-A47F-06FE-7927-2A30E6C3E4A9}"
EndProject
Project("{FAE04EC0-301F-11D3-BF4B-00C04F79EFBC}") = "CleanOpsAi.BuildingBlocks.Application", "src\BuildingBlocks\CleanOpsAi.BuildingBlocks.Application\CleanOpsAi.BuildingBlocks.Application.csproj", "{F8F9B818-2DB1-DD60-6621-2779FE8FA41B}"
EndProject
Project("{FAE04EC0-301F-11D3-BF4B-00C04F79EFBC}") = "CleanOpsAi.BuildingBlocks.Infrastructure", "src\BuildingBlocks\CleanOpsAi.BuildingBlocks.Infrastructure\CleanOpsAi.BuildingBlocks.Infrastructure.csproj", "{E069783E-066C-CEE4-B1B2-503A137F2378}"
EndProject
Project("{2150E333-8FDC-42A3-9474-1A3956D46DE8}") = "ClientManagement", "ClientManagement", "{7470A139-E173-49BC-B0AF-85C55C0BB15E}"
EndProject
Project("{2150E333-8FDC-42A3-9474-1A3956D46DE8}") = "Workforce", "Workforce", "{0358039D-A7C7-4ADB-AE2B-64AAB0953172}"
EndProject
Project("{FAE04EC0-301F-11D3-BF4B-00C04F79EFBC}") = "CleanOpsAi.Modules.Workforce.Domain", "src\Modules\Workforce\CleanOpsAi.Modules.Workforce.Domain\CleanOpsAi.Modules.Workforce.Domain.csproj", "{07BC9676-3DCD-5E71-D11B-8BC7541DAAE2}"
EndProject
Project("{FAE04EC0-301F-11D3-BF4B-00C04F79EFBC}") = "CleanOpsAi.Modules.Workforce.Application", "src\Modules\Workforce\CleanOpsAi.Modules.Workforce.Application\CleanOpsAi.Modules.Workforce.Application.csproj", "{C14E4273-F667-8AE9-4BF3-74AE8D7E9818}"
EndProject
Project("{FAE04EC0-301F-11D3-BF4B-00C04F79EFBC}") = "CleanOpsAi.Modules.Workforce.Infrastructure", "src\Modules\Workforce\CleanOpsAi.Modules.Workforce.Infrastructure\CleanOpsAi.Modules.Workforce.Infrastructure.csproj", "{EFE6B5A2-1FBC-5A4C-2937-CE707CB56385}"
EndProject
Project("{FAE04EC0-301F-11D3-BF4B-00C04F79EFBC}") = "CleanOpsAi.Modules.Workforce.IntegrationEvents", "src\Modules\Workforce\CleanOpsAi.Modules.Workforce.IntegrationEvents\CleanOpsAi.Modules.Workforce.IntegrationEvents.csproj", "{F8E78647-44D1-7E61-85DD-402997371043}"
EndProject
Project("{2150E333-8FDC-42A3-9474-1A3956D46DE8}") = "TaskOperations", "TaskOperations", "{84FB90BC-1151-45EC-8042-735715731128}"
EndProject
Project("{2150E333-8FDC-42A3-9474-1A3956D46DE8}") = "ServicePlanning", "ServicePlanning", "{BA559D72-134C-42D5-B997-31BB04F8ED0C}"
EndProject
Project("{FAE04EC0-301F-11D3-BF4B-00C04F79EFBC}") = "CleanOpsAi.Modules.ClientManagement.Application", "src\Modules\ClientManagement\CleanOpsAi.Modules.ClientManagement.Application\CleanOpsAi.Modules.ClientManagement.Application.csproj", "{E6AC219D-3A38-C6EB-5497-02C039B3B5EB}"
EndProject
Project("{FAE04EC0-301F-11D3-BF4B-00C04F79EFBC}") = "CleanOpsAi.Modules.ClientManagement.Domain", "src\Modules\ClientManagement\CleanOpsAi.Modules.ClientManagement.Domain\CleanOpsAi.Modules.ClientManagement.Domain.csproj", "{8703C7A4-7F25-3E5B-5CC3-7A6E632B81C7}"
EndProject
Project("{FAE04EC0-301F-11D3-BF4B-00C04F79EFBC}") = "CleanOpsAi.Modules.ClientManagement.Infrastructure", "src\Modules\ClientManagement\CleanOpsAi.Modules.ClientManagement.Infrastructure\CleanOpsAi.Modules.ClientManagement.Infrastructure.csproj", "{AF0FCD1A-69D3-7A15-AE38-2D19583BF376}"
EndProject
Project("{FAE04EC0-301F-11D3-BF4B-00C04F79EFBC}") = "CleanOpsAi.Modules.ClientManagement.IntegrationEvents", "src\Modules\ClientManagement\CleanOpsAi.Modules.ClientManagement.IntegrationEvents\CleanOpsAi.Modules.ClientManagement.IntegrationEvents.csproj", "{A8EB74E6-1359-5C79-583A-B551023E0243}"
EndProject
Project("{FAE04EC0-301F-11D3-BF4B-00C04F79EFBC}") = "CleanOpsAi.Modules.ServicePlanning.Application", "src\Modules\ServicePlanning\CleanOpsAi.Modules.ServicePlanning.Application\CleanOpsAi.Modules.ServicePlanning.Application.csproj", "{3D1B4D65-93FF-C81F-A4DF-98DD2D92F549}"
EndProject
Project("{FAE04EC0-301F-11D3-BF4B-00C04F79EFBC}") = "CleanOpsAi.Modules.ServicePlanning.Domain", "src\Modules\ServicePlanning\CleanOpsAi.Modules.ServicePlanning.Domain\CleanOpsAi.Modules.ServicePlanning.Domain.csproj", "{74C4FA8E-D868-CED8-13A4-AB0FA015A299}"
EndProject
Project("{FAE04EC0-301F-11D3-BF4B-00C04F79EFBC}") = "CleanOpsAi.Modules.ServicePlanning.Infrastructure", "src\Modules\ServicePlanning\CleanOpsAi.Modules.ServicePlanning.Infrastructure\CleanOpsAi.Modules.ServicePlanning.Infrastructure.csproj", "{26EB8583-9343-C671-58E5-D0A5A99092D8}"
EndProject
Project("{FAE04EC0-301F-11D3-BF4B-00C04F79EFBC}") = "CleanOpsAi.Modules.ServicePlanning.IntegrationEvents", "src\Modules\ServicePlanning\CleanOpsAi.Modules.ServicePlanning.IntegrationEvents\CleanOpsAi.Modules.ServicePlanning.IntegrationEvents.csproj", "{20A424EB-B186-D269-F51B-E104ED270FB9}"
EndProject
Project("{FAE04EC0-301F-11D3-BF4B-00C04F79EFBC}") = "CleanOpsAi.Modules.TaskOperations.Application", "src\Modules\TaskOperations\CleanOpsAi.Modules.TaskOperations.Application\CleanOpsAi.Modules.TaskOperations.Application.csproj", "{76E394FA-B408-A1BF-CD6D-8027F6BCA1F0}"
EndProject
Project("{FAE04EC0-301F-11D3-BF4B-00C04F79EFBC}") = "CleanOpsAi.Modules.TaskOperations.Domain", "src\Modules\TaskOperations\CleanOpsAi.Modules.TaskOperations.Domain\CleanOpsAi.Modules.TaskOperations.Domain.csproj", "{B1059E2E-5BF1-B7FA-EE8C-2F286078E4B2}"
EndProject
Project("{FAE04EC0-301F-11D3-BF4B-00C04F79EFBC}") = "CleanOpsAi.Modules.TaskOperations.Infrastructure", "src\Modules\TaskOperations\CleanOpsAi.Modules.TaskOperations.Infrastructure\CleanOpsAi.Modules.TaskOperations.Infrastructure.csproj", "{7F139EAA-BFE6-090D-65A0-BCD04EF8CD2E}"
EndProject
Project("{FAE04EC0-301F-11D3-BF4B-00C04F79EFBC}") = "CleanOpsAi.Modules.TaskOperations.IntegrationEvents", "src\Modules\TaskOperations\CleanOpsAi.Modules.TaskOperations.IntegrationEvents\CleanOpsAi.Modules.TaskOperations.IntegrationEvents.csproj", "{03D21989-2109-FA3B-DBB3-7D7DF7D781CD}"
EndProject
Project("{2150E333-8FDC-42A3-9474-1A3956D46DE8}") = "QualityControl", "QualityControl", "{EB96D769-896E-40DD-85A0-4D4A9042192C}"
EndProject
Project("{FAE04EC0-301F-11D3-BF4B-00C04F79EFBC}") = "CleanOpsAi.Modules.QualityControl.Domain", "src\Modules\QualityControl\CleanOpsAi.Modules.QualityControl.Domain\CleanOpsAi.Modules.QualityControl.Domain.csproj", "{33DA0429-C647-FB1D-4EA1-47AC2C67675D}"
EndProject
Project("{FAE04EC0-301F-11D3-BF4B-00C04F79EFBC}") = "CleanOpsAi.Modules.QualityControl.Application", "src\Modules\QualityControl\CleanOpsAi.Modules.QualityControl.Application\CleanOpsAi.Modules.QualityControl.Application.csproj", "{9767A9B9-0109-8364-2EC9-1B4E50A24103}"
EndProject
Project("{FAE04EC0-301F-11D3-BF4B-00C04F79EFBC}") = "CleanOpsAi.Modules.QualityControl.Infrastructure", "src\Modules\QualityControl\CleanOpsAi.Modules.QualityControl.Infrastructure\CleanOpsAi.Modules.QualityControl.Infrastructure.csproj", "{1FAF7133-BE13-F69F-9B4C-CD59659BE6A0}"
EndProject
Project("{FAE04EC0-301F-11D3-BF4B-00C04F79EFBC}") = "CleanOpsAi.Modules.QualityControl.IntegrationEvents", "src\Modules\QualityControl\CleanOpsAi.Modules.QualityControl.IntegrationEvents\CleanOpsAi.Modules.QualityControl.IntegrationEvents.csproj", "{11E4EACC-5317-DAA0-7937-A91CD88C590A}"
EndProject
Project("{2150E333-8FDC-42A3-9474-1A3956D46DE8}") = "Tests", "Tests", "{7D1FA13E-6A88-4014-BF4E-BFC2B11EBF8C}"
EndProject
Project("{FAE04EC0-301F-11D3-BF4B-00C04F79EFBC}") = "CleanOpsAi.Modules.ServicePlanning.ArchTests", "src\Modules\ServicePlanning\Tests\CleanOpsAi.Modules.ServicePlanning.ArchTests\CleanOpsAi.Modules.ServicePlanning.ArchTests.csproj", "{D28E579E-FC38-9D1D-E92A-5E509BE2EEFD}"
EndProject
Project("{FAE04EC0-301F-11D3-BF4B-00C04F79EFBC}") = "CleanOpsAi.Modules.ServicePlanning.IntegrationTests", "src\Modules\ServicePlanning\Tests\CleanOpsAi.Modules.ServicePlanning.IntegrationTests\CleanOpsAi.Modules.ServicePlanning.IntegrationTests.csproj", "{2D3F7DDA-8C29-871F-1260-B03472AB11FE}"
EndProject
Project("{FAE04EC0-301F-11D3-BF4B-00C04F79EFBC}") = "CleanOpsAi.Modules.ServicePlanning.UnitTests", "src\Modules\ServicePlanning\Tests\CleanOpsAi.Modules.ServicePlanning.UnitTests\CleanOpsAi.Modules.ServicePlanning.UnitTests.csproj", "{7AFAC304-73F2-50F7-09EA-77ADCF5ED2D9}"
EndProject
Project("{2150E333-8FDC-42A3-9474-1A3956D46DE8}") = "Tests", "Tests", "{8400B915-DFF1-4453-B512-985C6990AEB4}"
EndProject
Project("{FAE04EC0-301F-11D3-BF4B-00C04F79EFBC}") = "CleanOpsAi.Modules.TaskOperations.ArchTests", "src\Modules\TaskOperations\Tests\CleanOpsAi.Modules.TaskOperations.ArchTests\CleanOpsAi.Modules.TaskOperations.ArchTests.csproj", "{51277106-0012-53B8-09AE-24F0CCC627EA}"
EndProject
Project("{FAE04EC0-301F-11D3-BF4B-00C04F79EFBC}") = "CleanOpsAi.Modules.TaskOperations.IntegrationTests", "src\Modules\TaskOperations\Tests\CleanOpsAi.Modules.TaskOperations.IntegrationTests\CleanOpsAi.Modules.TaskOperations.IntegrationTests.csproj", "{4839B0A2-048C-537B-7A83-1B997E3D15AC}"
EndProject
Project("{FAE04EC0-301F-11D3-BF4B-00C04F79EFBC}") = "CleanOpsAi.Modules.TaskOperations.UnitTests", "src\Modules\TaskOperations\Tests\CleanOpsAi.Modules.TaskOperations.UnitTests\CleanOpsAi.Modules.TaskOperations.UnitTests.csproj", "{A2E977D9-CDFC-0244-D554-ADC30C654734}"
EndProject
Project("{2150E333-8FDC-42A3-9474-1A3956D46DE8}") = "Tests", "Tests", "{CCC259EB-E603-41A5-86E4-991E71CF4360}"
EndProject
Project("{2150E333-8FDC-42A3-9474-1A3956D46DE8}") = "Tests", "Tests", "{2292D82A-2097-4CC6-AAFC-80835FB2E34A}"
EndProject
Project("{2150E333-8FDC-42A3-9474-1A3956D46DE8}") = "Tests", "Tests", "{B52EAB10-F6EE-4CB0-95CC-A7D2DFE78D78}"
EndProject
Project("{2150E333-8FDC-42A3-9474-1A3956D46DE8}") = "Tests", "Tests", "{1E0467B2-1959-407D-9B53-EA5CEA92F6D4}"
EndProject
Project("{2150E333-8FDC-42A3-9474-1A3956D46DE8}") = "Tests", "Tests", "{3EE131C2-2484-4FC8-ACB9-F134D4F0A1DF}"
EndProject
Project("{FAE04EC0-301F-11D3-BF4B-00C04F79EFBC}") = "CleanOpsAi.Modules.ClientManagement.ArchTests", "src\Modules\ClientManagement\Tests\CleanOpsAi.Modules.ClientManagement.ArchTests\CleanOpsAi.Modules.ClientManagement.ArchTests.csproj", "{8A629D4D-3732-9E69-6AEA-B351CD0D2839}"
EndProject
Project("{FAE04EC0-301F-11D3-BF4B-00C04F79EFBC}") = "CleanOpsAi.Modules.ClientManagement.IntegrationTests", "src\Modules\ClientManagement\Tests\CleanOpsAi.Modules.ClientManagement.IntegrationTests\CleanOpsAi.Modules.ClientManagement.IntegrationTests.csproj", "{D7551485-08D8-763A-B38A-16DA061B387D}"
EndProject
Project("{FAE04EC0-301F-11D3-BF4B-00C04F79EFBC}") = "CleanOpsAi.Modules.ClientManagement.UnitTests", "src\Modules\ClientManagement\Tests\CleanOpsAi.Modules.ClientManagement.UnitTests\CleanOpsAi.Modules.ClientManagement.UnitTests.csproj", "{8B8071A4-937A-8C6B-774F-8EB10BBED149}"
EndProject
Project("{FAE04EC0-301F-11D3-BF4B-00C04F79EFBC}") = "CleanOpsAi.Modules.QualityControl.ArchTests", "src\Modules\QualityControl\Tests\CleanOpsAi.Modules.QualityControl.ArchTests\CleanOpsAi.Modules.QualityControl.ArchTests.csproj", "{B6FD8367-2A16-202D-5540-E367299AA3E0}"
EndProject
Project("{FAE04EC0-301F-11D3-BF4B-00C04F79EFBC}") = "CleanOpsAi.Modules.QualityControl.IntegrationTests", "src\Modules\QualityControl\Tests\CleanOpsAi.Modules.QualityControl.IntegrationTests\CleanOpsAi.Modules.QualityControl.IntegrationTests.csproj", "{E69C5CDA-6294-B17F-9052-06657F05C3C4}"
EndProject
Project("{FAE04EC0-301F-11D3-BF4B-00C04F79EFBC}") = "CleanOpsAi.Modules.QualityControl.UnitTests", "src\Modules\QualityControl\Tests\CleanOpsAi.Modules.QualityControl.UnitTests\CleanOpsAi.Modules.QualityControl.UnitTests.csproj", "{FB19C674-E3A8-9D3D-D2A2-2E11F3D74783}"
EndProject
Project("{FAE04EC0-301F-11D3-BF4B-00C04F79EFBC}") = "CleanOpsAi.Modules.UserAccess.ArchTests", "src\Modules\UserAccess\Tests\CleanOpsAi.Modules.UserAccess.ArchTests\CleanOpsAi.Modules.UserAccess.ArchTests.csproj", "{C25BAAC4-2E06-6B58-57FA-39C89C198FD1}"
EndProject
Project("{FAE04EC0-301F-11D3-BF4B-00C04F79EFBC}") = "CleanOpsAi.Modules.UserAccess.IntegrationTests", "src\Modules\UserAccess\Tests\CleanOpsAi.Modules.UserAccess.IntegrationTests\CleanOpsAi.Modules.UserAccess.IntegrationTests.csproj", "{7DED1C43-27C0-B2E7-095C-F333C66433F4}"
EndProject
Project("{FAE04EC0-301F-11D3-BF4B-00C04F79EFBC}") = "CleanOpsAi.Modules.UserAccess.UnitTests", "src\Modules\UserAccess\Tests\CleanOpsAi.Modules.UserAccess.UnitTests\CleanOpsAi.Modules.UserAccess.UnitTests.csproj", "{E2934865-F956-0CCE-18E7-DABE6E71FE23}"
EndProject
Project("{FAE04EC0-301F-11D3-BF4B-00C04F79EFBC}") = "CleanOpsAi.Modules.Workforce.ArchTests", "src\Modules\Workforce\Tests\CleanOpsAi.Modules.Workforce.ArchTests\CleanOpsAi.Modules.Workforce.ArchTests.csproj", "{CEDEDA40-C631-B14C-08F2-02A7A94265B7}"
EndProject
Project("{FAE04EC0-301F-11D3-BF4B-00C04F79EFBC}") = "CleanOpsAi.Modules.Workforce.IntegrationTests", "src\Modules\Workforce\Tests\CleanOpsAi.Modules.Workforce.IntegrationTests\CleanOpsAi.Modules.Workforce.IntegrationTests.csproj", "{42BC553B-B585-172C-8A57-6F5055A39274}"
EndProject
Project("{FAE04EC0-301F-11D3-BF4B-00C04F79EFBC}") = "CleanOpsAi.Modules.Workforce.UnitTests", "src\Modules\Workforce\Tests\CleanOpsAi.Modules.Workforce.UnitTests\CleanOpsAi.Modules.Workforce.UnitTests.csproj", "{EA5E030D-BEB4-9A49-C3B7-8F8EEE6A0EEB}"
EndProject
Project("{FAE04EC0-301F-11D3-BF4B-00C04F79EFBC}") = "CleanOpsAi.BuildingBlocks.IntegrationTests", "src\BuildingBlocks\Tests\CleanOpsAi.BuildingBlocks.IntegrationTests\CleanOpsAi.BuildingBlocks.IntegrationTests.csproj", "{033BF123-0CF6-95E0-F0FC-250EB13D908A}"
EndProject
Global
	GlobalSection(SolutionConfigurationPlatforms) = preSolution
		Debug|Any CPU = Debug|Any CPU
		Release|Any CPU = Release|Any CPU
	EndGlobalSection
	GlobalSection(ProjectConfigurationPlatforms) = postSolution
		{ADEF7E0E-04F4-497A-4582-555F22837BF0}.Debug|Any CPU.ActiveCfg = Debug|Any CPU
		{ADEF7E0E-04F4-497A-4582-555F22837BF0}.Debug|Any CPU.Build.0 = Debug|Any CPU
		{ADEF7E0E-04F4-497A-4582-555F22837BF0}.Release|Any CPU.ActiveCfg = Release|Any CPU
		{ADEF7E0E-04F4-497A-4582-555F22837BF0}.Release|Any CPU.Build.0 = Release|Any CPU
		{F841C82C-3C91-13A8-4D4E-673B863A28D0}.Debug|Any CPU.ActiveCfg = Debug|Any CPU
		{F841C82C-3C91-13A8-4D4E-673B863A28D0}.Debug|Any CPU.Build.0 = Debug|Any CPU
		{F841C82C-3C91-13A8-4D4E-673B863A28D0}.Release|Any CPU.ActiveCfg = Release|Any CPU
		{F841C82C-3C91-13A8-4D4E-673B863A28D0}.Release|Any CPU.Build.0 = Release|Any CPU
		{2B3E34B8-6F4F-A55F-4D0E-58D512E90460}.Debug|Any CPU.ActiveCfg = Debug|Any CPU
		{2B3E34B8-6F4F-A55F-4D0E-58D512E90460}.Debug|Any CPU.Build.0 = Debug|Any CPU
		{2B3E34B8-6F4F-A55F-4D0E-58D512E90460}.Release|Any CPU.ActiveCfg = Release|Any CPU
		{2B3E34B8-6F4F-A55F-4D0E-58D512E90460}.Release|Any CPU.Build.0 = Release|Any CPU
		{7BF8E2D3-BC3C-CFC7-F681-F99AA998EE05}.Debug|Any CPU.ActiveCfg = Debug|Any CPU
		{7BF8E2D3-BC3C-CFC7-F681-F99AA998EE05}.Debug|Any CPU.Build.0 = Debug|Any CPU
		{7BF8E2D3-BC3C-CFC7-F681-F99AA998EE05}.Release|Any CPU.ActiveCfg = Release|Any CPU
		{7BF8E2D3-BC3C-CFC7-F681-F99AA998EE05}.Release|Any CPU.Build.0 = Release|Any CPU
		{ED29F581-36E1-8D9B-EBDA-EBB8882E7894}.Debug|Any CPU.ActiveCfg = Debug|Any CPU
		{ED29F581-36E1-8D9B-EBDA-EBB8882E7894}.Debug|Any CPU.Build.0 = Debug|Any CPU
		{ED29F581-36E1-8D9B-EBDA-EBB8882E7894}.Release|Any CPU.ActiveCfg = Release|Any CPU
		{ED29F581-36E1-8D9B-EBDA-EBB8882E7894}.Release|Any CPU.Build.0 = Release|Any CPU
		{3D8EDD0A-A47F-06FE-7927-2A30E6C3E4A9}.Debug|Any CPU.ActiveCfg = Debug|Any CPU
		{3D8EDD0A-A47F-06FE-7927-2A30E6C3E4A9}.Debug|Any CPU.Build.0 = Debug|Any CPU
		{3D8EDD0A-A47F-06FE-7927-2A30E6C3E4A9}.Release|Any CPU.ActiveCfg = Release|Any CPU
		{3D8EDD0A-A47F-06FE-7927-2A30E6C3E4A9}.Release|Any CPU.Build.0 = Release|Any CPU
		{F8F9B818-2DB1-DD60-6621-2779FE8FA41B}.Debug|Any CPU.ActiveCfg = Debug|Any CPU
		{F8F9B818-2DB1-DD60-6621-2779FE8FA41B}.Debug|Any CPU.Build.0 = Debug|Any CPU
		{F8F9B818-2DB1-DD60-6621-2779FE8FA41B}.Release|Any CPU.ActiveCfg = Release|Any CPU
		{F8F9B818-2DB1-DD60-6621-2779FE8FA41B}.Release|Any CPU.Build.0 = Release|Any CPU
		{E069783E-066C-CEE4-B1B2-503A137F2378}.Debug|Any CPU.ActiveCfg = Debug|Any CPU
		{E069783E-066C-CEE4-B1B2-503A137F2378}.Debug|Any CPU.Build.0 = Debug|Any CPU
		{E069783E-066C-CEE4-B1B2-503A137F2378}.Release|Any CPU.ActiveCfg = Release|Any CPU
		{E069783E-066C-CEE4-B1B2-503A137F2378}.Release|Any CPU.Build.0 = Release|Any CPU
		{07BC9676-3DCD-5E71-D11B-8BC7541DAAE2}.Debug|Any CPU.ActiveCfg = Debug|Any CPU
		{07BC9676-3DCD-5E71-D11B-8BC7541DAAE2}.Debug|Any CPU.Build.0 = Debug|Any CPU
		{07BC9676-3DCD-5E71-D11B-8BC7541DAAE2}.Release|Any CPU.ActiveCfg = Release|Any CPU
		{07BC9676-3DCD-5E71-D11B-8BC7541DAAE2}.Release|Any CPU.Build.0 = Release|Any CPU
		{C14E4273-F667-8AE9-4BF3-74AE8D7E9818}.Debug|Any CPU.ActiveCfg = Debug|Any CPU
		{C14E4273-F667-8AE9-4BF3-74AE8D7E9818}.Debug|Any CPU.Build.0 = Debug|Any CPU
		{C14E4273-F667-8AE9-4BF3-74AE8D7E9818}.Release|Any CPU.ActiveCfg = Release|Any CPU
		{C14E4273-F667-8AE9-4BF3-74AE8D7E9818}.Release|Any CPU.Build.0 = Release|Any CPU
		{EFE6B5A2-1FBC-5A4C-2937-CE707CB56385}.Debug|Any CPU.ActiveCfg = Debug|Any CPU
		{EFE6B5A2-1FBC-5A4C-2937-CE707CB56385}.Debug|Any CPU.Build.0 = Debug|Any CPU
		{EFE6B5A2-1FBC-5A4C-2937-CE707CB56385}.Release|Any CPU.ActiveCfg = Release|Any CPU
		{EFE6B5A2-1FBC-5A4C-2937-CE707CB56385}.Release|Any CPU.Build.0 = Release|Any CPU
		{F8E78647-44D1-7E61-85DD-402997371043}.Debug|Any CPU.ActiveCfg = Debug|Any CPU
		{F8E78647-44D1-7E61-85DD-402997371043}.Debug|Any CPU.Build.0 = Debug|Any CPU
		{F8E78647-44D1-7E61-85DD-402997371043}.Release|Any CPU.ActiveCfg = Release|Any CPU
		{F8E78647-44D1-7E61-85DD-402997371043}.Release|Any CPU.Build.0 = Release|Any CPU
		{E6AC219D-3A38-C6EB-5497-02C039B3B5EB}.Debug|Any CPU.ActiveCfg = Debug|Any CPU
		{E6AC219D-3A38-C6EB-5497-02C039B3B5EB}.Debug|Any CPU.Build.0 = Debug|Any CPU
		{E6AC219D-3A38-C6EB-5497-02C039B3B5EB}.Release|Any CPU.ActiveCfg = Release|Any CPU
		{E6AC219D-3A38-C6EB-5497-02C039B3B5EB}.Release|Any CPU.Build.0 = Release|Any CPU
		{8703C7A4-7F25-3E5B-5CC3-7A6E632B81C7}.Debug|Any CPU.ActiveCfg = Debug|Any CPU
		{8703C7A4-7F25-3E5B-5CC3-7A6E632B81C7}.Debug|Any CPU.Build.0 = Debug|Any CPU
		{8703C7A4-7F25-3E5B-5CC3-7A6E632B81C7}.Release|Any CPU.ActiveCfg = Release|Any CPU
		{8703C7A4-7F25-3E5B-5CC3-7A6E632B81C7}.Release|Any CPU.Build.0 = Release|Any CPU
		{AF0FCD1A-69D3-7A15-AE38-2D19583BF376}.Debug|Any CPU.ActiveCfg = Debug|Any CPU
		{AF0FCD1A-69D3-7A15-AE38-2D19583BF376}.Debug|Any CPU.Build.0 = Debug|Any CPU
		{AF0FCD1A-69D3-7A15-AE38-2D19583BF376}.Release|Any CPU.ActiveCfg = Release|Any CPU
		{AF0FCD1A-69D3-7A15-AE38-2D19583BF376}.Release|Any CPU.Build.0 = Release|Any CPU
		{A8EB74E6-1359-5C79-583A-B551023E0243}.Debug|Any CPU.ActiveCfg = Debug|Any CPU
		{A8EB74E6-1359-5C79-583A-B551023E0243}.Debug|Any CPU.Build.0 = Debug|Any CPU
		{A8EB74E6-1359-5C79-583A-B551023E0243}.Release|Any CPU.ActiveCfg = Release|Any CPU
		{A8EB74E6-1359-5C79-583A-B551023E0243}.Release|Any CPU.Build.0 = Release|Any CPU
		{3D1B4D65-93FF-C81F-A4DF-98DD2D92F549}.Debug|Any CPU.ActiveCfg = Debug|Any CPU
		{3D1B4D65-93FF-C81F-A4DF-98DD2D92F549}.Debug|Any CPU.Build.0 = Debug|Any CPU
		{3D1B4D65-93FF-C81F-A4DF-98DD2D92F549}.Release|Any CPU.ActiveCfg = Release|Any CPU
		{3D1B4D65-93FF-C81F-A4DF-98DD2D92F549}.Release|Any CPU.Build.0 = Release|Any CPU
		{74C4FA8E-D868-CED8-13A4-AB0FA015A299}.Debug|Any CPU.ActiveCfg = Debug|Any CPU
		{74C4FA8E-D868-CED8-13A4-AB0FA015A299}.Debug|Any CPU.Build.0 = Debug|Any CPU
		{74C4FA8E-D868-CED8-13A4-AB0FA015A299}.Release|Any CPU.ActiveCfg = Release|Any CPU
		{74C4FA8E-D868-CED8-13A4-AB0FA015A299}.Release|Any CPU.Build.0 = Release|Any CPU
		{26EB8583-9343-C671-58E5-D0A5A99092D8}.Debug|Any CPU.ActiveCfg = Debug|Any CPU
		{26EB8583-9343-C671-58E5-D0A5A99092D8}.Debug|Any CPU.Build.0 = Debug|Any CPU
		{26EB8583-9343-C671-58E5-D0A5A99092D8}.Release|Any CPU.ActiveCfg = Release|Any CPU
		{26EB8583-9343-C671-58E5-D0A5A99092D8}.Release|Any CPU.Build.0 = Release|Any CPU
		{20A424EB-B186-D269-F51B-E104ED270FB9}.Debug|Any CPU.ActiveCfg = Debug|Any CPU
		{20A424EB-B186-D269-F51B-E104ED270FB9}.Debug|Any CPU.Build.0 = Debug|Any CPU
		{20A424EB-B186-D269-F51B-E104ED270FB9}.Release|Any CPU.ActiveCfg = Release|Any CPU
		{20A424EB-B186-D269-F51B-E104ED270FB9}.Release|Any CPU.Build.0 = Release|Any CPU
		{76E394FA-B408-A1BF-CD6D-8027F6BCA1F0}.Debug|Any CPU.ActiveCfg = Debug|Any CPU
		{76E394FA-B408-A1BF-CD6D-8027F6BCA1F0}.Debug|Any CPU.Build.0 = Debug|Any CPU
		{76E394FA-B408-A1BF-CD6D-8027F6BCA1F0}.Release|Any CPU.ActiveCfg = Release|Any CPU
		{76E394FA-B408-A1BF-CD6D-8027F6BCA1F0}.Release|Any CPU.Build.0 = Release|Any CPU
		{B1059E2E-5BF1-B7FA-EE8C-2F286078E4B2}.Debug|Any CPU.ActiveCfg = Debug|Any CPU
		{B1059E2E-5BF1-B7FA-EE8C-2F286078E4B2}.Debug|Any CPU.Build.0 = Debug|Any CPU
		{B1059E2E-5BF1-B7FA-EE8C-2F286078E4B2}.Release|Any CPU.ActiveCfg = Release|Any CPU
		{B1059E2E-5BF1-B7FA-EE8C-2F286078E4B2}.Release|Any CPU.Build.0 = Release|Any CPU
		{7F139EAA-BFE6-090D-65A0-BCD04EF8CD2E}.Debug|Any CPU.ActiveCfg = Debug|Any CPU
		{7F139EAA-BFE6-090D-65A0-BCD04EF8CD2E}.Debug|Any CPU.Build.0 = Debug|Any CPU
		{7F139EAA-BFE6-090D-65A0-BCD04EF8CD2E}.Release|Any CPU.ActiveCfg = Release|Any CPU
		{7F139EAA-BFE6-090D-65A0-BCD04EF8CD2E}.Release|Any CPU.Build.0 = Release|Any CPU
		{03D21989-2109-FA3B-DBB3-7D7DF7D781CD}.Debug|Any CPU.ActiveCfg = Debug|Any CPU
		{03D21989-2109-FA3B-DBB3-7D7DF7D781CD}.Debug|Any CPU.Build.0 = Debug|Any CPU
		{03D21989-2109-FA3B-DBB3-7D7DF7D781CD}.Release|Any CPU.ActiveCfg = Release|Any CPU
		{03D21989-2109-FA3B-DBB3-7D7DF7D781CD}.Release|Any CPU.Build.0 = Release|Any CPU
		{33DA0429-C647-FB1D-4EA1-47AC2C67675D}.Debug|Any CPU.ActiveCfg = Debug|Any CPU
		{33DA0429-C647-FB1D-4EA1-47AC2C67675D}.Debug|Any CPU.Build.0 = Debug|Any CPU
		{33DA0429-C647-FB1D-4EA1-47AC2C67675D}.Release|Any CPU.ActiveCfg = Release|Any CPU
		{33DA0429-C647-FB1D-4EA1-47AC2C67675D}.Release|Any CPU.Build.0 = Release|Any CPU
		{9767A9B9-0109-8364-2EC9-1B4E50A24103}.Debug|Any CPU.ActiveCfg = Debug|Any CPU
		{9767A9B9-0109-8364-2EC9-1B4E50A24103}.Debug|Any CPU.Build.0 = Debug|Any CPU
		{9767A9B9-0109-8364-2EC9-1B4E50A24103}.Release|Any CPU.ActiveCfg = Release|Any CPU
		{9767A9B9-0109-8364-2EC9-1B4E50A24103}.Release|Any CPU.Build.0 = Release|Any CPU
		{1FAF7133-BE13-F69F-9B4C-CD59659BE6A0}.Debug|Any CPU.ActiveCfg = Debug|Any CPU
		{1FAF7133-BE13-F69F-9B4C-CD59659BE6A0}.Debug|Any CPU.Build.0 = Debug|Any CPU
		{1FAF7133-BE13-F69F-9B4C-CD59659BE6A0}.Release|Any CPU.ActiveCfg = Release|Any CPU
		{1FAF7133-BE13-F69F-9B4C-CD59659BE6A0}.Release|Any CPU.Build.0 = Release|Any CPU
		{11E4EACC-5317-DAA0-7937-A91CD88C590A}.Debug|Any CPU.ActiveCfg = Debug|Any CPU
		{11E4EACC-5317-DAA0-7937-A91CD88C590A}.Debug|Any CPU.Build.0 = Debug|Any CPU
		{11E4EACC-5317-DAA0-7937-A91CD88C590A}.Release|Any CPU.ActiveCfg = Release|Any CPU
		{11E4EACC-5317-DAA0-7937-A91CD88C590A}.Release|Any CPU.Build.0 = Release|Any CPU
		{D28E579E-FC38-9D1D-E92A-5E509BE2EEFD}.Debug|Any CPU.ActiveCfg = Debug|Any CPU
		{D28E579E-FC38-9D1D-E92A-5E509BE2EEFD}.Debug|Any CPU.Build.0 = Debug|Any CPU
		{D28E579E-FC38-9D1D-E92A-5E509BE2EEFD}.Release|Any CPU.ActiveCfg = Release|Any CPU
		{D28E579E-FC38-9D1D-E92A-5E509BE2EEFD}.Release|Any CPU.Build.0 = Release|Any CPU
		{2D3F7DDA-8C29-871F-1260-B03472AB11FE}.Debug|Any CPU.ActiveCfg = Debug|Any CPU
		{2D3F7DDA-8C29-871F-1260-B03472AB11FE}.Debug|Any CPU.Build.0 = Debug|Any CPU
		{2D3F7DDA-8C29-871F-1260-B03472AB11FE}.Release|Any CPU.ActiveCfg = Release|Any CPU
		{2D3F7DDA-8C29-871F-1260-B03472AB11FE}.Release|Any CPU.Build.0 = Release|Any CPU
		{7AFAC304-73F2-50F7-09EA-77ADCF5ED2D9}.Debug|Any CPU.ActiveCfg = Debug|Any CPU
		{7AFAC304-73F2-50F7-09EA-77ADCF5ED2D9}.Debug|Any CPU.Build.0 = Debug|Any CPU
		{7AFAC304-73F2-50F7-09EA-77ADCF5ED2D9}.Release|Any CPU.ActiveCfg = Release|Any CPU
		{7AFAC304-73F2-50F7-09EA-77ADCF5ED2D9}.Release|Any CPU.Build.0 = Release|Any CPU
		{51277106-0012-53B8-09AE-24F0CCC627EA}.Debug|Any CPU.ActiveCfg = Debug|Any CPU
		{51277106-0012-53B8-09AE-24F0CCC627EA}.Debug|Any CPU.Build.0 = Debug|Any CPU
		{51277106-0012-53B8-09AE-24F0CCC627EA}.Release|Any CPU.ActiveCfg = Release|Any CPU
		{51277106-0012-53B8-09AE-24F0CCC627EA}.Release|Any CPU.Build.0 = Release|Any CPU
		{4839B0A2-048C-537B-7A83-1B997E3D15AC}.Debug|Any CPU.ActiveCfg = Debug|Any CPU
		{4839B0A2-048C-537B-7A83-1B997E3D15AC}.Debug|Any CPU.Build.0 = Debug|Any CPU
		{4839B0A2-048C-537B-7A83-1B997E3D15AC}.Release|Any CPU.ActiveCfg = Release|Any CPU
		{4839B0A2-048C-537B-7A83-1B997E3D15AC}.Release|Any CPU.Build.0 = Release|Any CPU
		{A2E977D9-CDFC-0244-D554-ADC30C654734}.Debug|Any CPU.ActiveCfg = Debug|Any CPU
		{A2E977D9-CDFC-0244-D554-ADC30C654734}.Debug|Any CPU.Build.0 = Debug|Any CPU
		{A2E977D9-CDFC-0244-D554-ADC30C654734}.Release|Any CPU.ActiveCfg = Release|Any CPU
		{A2E977D9-CDFC-0244-D554-ADC30C654734}.Release|Any CPU.Build.0 = Release|Any CPU
		{8A629D4D-3732-9E69-6AEA-B351CD0D2839}.Debug|Any CPU.ActiveCfg = Debug|Any CPU
		{8A629D4D-3732-9E69-6AEA-B351CD0D2839}.Debug|Any CPU.Build.0 = Debug|Any CPU
		{8A629D4D-3732-9E69-6AEA-B351CD0D2839}.Release|Any CPU.ActiveCfg = Release|Any CPU
		{8A629D4D-3732-9E69-6AEA-B351CD0D2839}.Release|Any CPU.Build.0 = Release|Any CPU
		{D7551485-08D8-763A-B38A-16DA061B387D}.Debug|Any CPU.ActiveCfg = Debug|Any CPU
		{D7551485-08D8-763A-B38A-16DA061B387D}.Debug|Any CPU.Build.0 = Debug|Any CPU
		{D7551485-08D8-763A-B38A-16DA061B387D}.Release|Any CPU.ActiveCfg = Release|Any CPU
		{D7551485-08D8-763A-B38A-16DA061B387D}.Release|Any CPU.Build.0 = Release|Any CPU
		{8B8071A4-937A-8C6B-774F-8EB10BBED149}.Debug|Any CPU.ActiveCfg = Debug|Any CPU
		{8B8071A4-937A-8C6B-774F-8EB10BBED149}.Debug|Any CPU.Build.0 = Debug|Any CPU
		{8B8071A4-937A-8C6B-774F-8EB10BBED149}.Release|Any CPU.ActiveCfg = Release|Any CPU
		{8B8071A4-937A-8C6B-774F-8EB10BBED149}.Release|Any CPU.Build.0 = Release|Any CPU
		{B6FD8367-2A16-202D-5540-E367299AA3E0}.Debug|Any CPU.ActiveCfg = Debug|Any CPU
		{B6FD8367-2A16-202D-5540-E367299AA3E0}.Debug|Any CPU.Build.0 = Debug|Any CPU
		{B6FD8367-2A16-202D-5540-E367299AA3E0}.Release|Any CPU.ActiveCfg = Release|Any CPU
		{B6FD8367-2A16-202D-5540-E367299AA3E0}.Release|Any CPU.Build.0 = Release|Any CPU
		{E69C5CDA-6294-B17F-9052-06657F05C3C4}.Debug|Any CPU.ActiveCfg = Debug|Any CPU
		{E69C5CDA-6294-B17F-9052-06657F05C3C4}.Debug|Any CPU.Build.0 = Debug|Any CPU
		{E69C5CDA-6294-B17F-9052-06657F05C3C4}.Release|Any CPU.ActiveCfg = Release|Any CPU
		{E69C5CDA-6294-B17F-9052-06657F05C3C4}.Release|Any CPU.Build.0 = Release|Any CPU
		{FB19C674-E3A8-9D3D-D2A2-2E11F3D74783}.Debug|Any CPU.ActiveCfg = Debug|Any CPU
		{FB19C674-E3A8-9D3D-D2A2-2E11F3D74783}.Debug|Any CPU.Build.0 = Debug|Any CPU
		{FB19C674-E3A8-9D3D-D2A2-2E11F3D74783}.Release|Any CPU.ActiveCfg = Release|Any CPU
		{FB19C674-E3A8-9D3D-D2A2-2E11F3D74783}.Release|Any CPU.Build.0 = Release|Any CPU
		{C25BAAC4-2E06-6B58-57FA-39C89C198FD1}.Debug|Any CPU.ActiveCfg = Debug|Any CPU
		{C25BAAC4-2E06-6B58-57FA-39C89C198FD1}.Debug|Any CPU.Build.0 = Debug|Any CPU
		{C25BAAC4-2E06-6B58-57FA-39C89C198FD1}.Release|Any CPU.ActiveCfg = Release|Any CPU
		{C25BAAC4-2E06-6B58-57FA-39C89C198FD1}.Release|Any CPU.Build.0 = Release|Any CPU
		{7DED1C43-27C0-B2E7-095C-F333C66433F4}.Debug|Any CPU.ActiveCfg = Debug|Any CPU
		{7DED1C43-27C0-B2E7-095C-F333C66433F4}.Debug|Any CPU.Build.0 = Debug|Any CPU
		{7DED1C43-27C0-B2E7-095C-F333C66433F4}.Release|Any CPU.ActiveCfg = Release|Any CPU
		{7DED1C43-27C0-B2E7-095C-F333C66433F4}.Release|Any CPU.Build.0 = Release|Any CPU
		{E2934865-F956-0CCE-18E7-DABE6E71FE23}.Debug|Any CPU.ActiveCfg = Debug|Any CPU
		{E2934865-F956-0CCE-18E7-DABE6E71FE23}.Debug|Any CPU.Build.0 = Debug|Any CPU
		{E2934865-F956-0CCE-18E7-DABE6E71FE23}.Release|Any CPU.ActiveCfg = Release|Any CPU
		{E2934865-F956-0CCE-18E7-DABE6E71FE23}.Release|Any CPU.Build.0 = Release|Any CPU
		{CEDEDA40-C631-B14C-08F2-02A7A94265B7}.Debug|Any CPU.ActiveCfg = Debug|Any CPU
		{CEDEDA40-C631-B14C-08F2-02A7A94265B7}.Debug|Any CPU.Build.0 = Debug|Any CPU
		{CEDEDA40-C631-B14C-08F2-02A7A94265B7}.Release|Any CPU.ActiveCfg = Release|Any CPU
		{CEDEDA40-C631-B14C-08F2-02A7A94265B7}.Release|Any CPU.Build.0 = Release|Any CPU
		{42BC553B-B585-172C-8A57-6F5055A39274}.Debug|Any CPU.ActiveCfg = Debug|Any CPU
		{42BC553B-B585-172C-8A57-6F5055A39274}.Debug|Any CPU.Build.0 = Debug|Any CPU
		{42BC553B-B585-172C-8A57-6F5055A39274}.Release|Any CPU.ActiveCfg = Release|Any CPU
		{42BC553B-B585-172C-8A57-6F5055A39274}.Release|Any CPU.Build.0 = Release|Any CPU
		{EA5E030D-BEB4-9A49-C3B7-8F8EEE6A0EEB}.Debug|Any CPU.ActiveCfg = Debug|Any CPU
		{EA5E030D-BEB4-9A49-C3B7-8F8EEE6A0EEB}.Debug|Any CPU.Build.0 = Debug|Any CPU
		{EA5E030D-BEB4-9A49-C3B7-8F8EEE6A0EEB}.Release|Any CPU.ActiveCfg = Release|Any CPU
		{EA5E030D-BEB4-9A49-C3B7-8F8EEE6A0EEB}.Release|Any CPU.Build.0 = Release|Any CPU
		{033BF123-0CF6-95E0-F0FC-250EB13D908A}.Debug|Any CPU.ActiveCfg = Debug|Any CPU
		{033BF123-0CF6-95E0-F0FC-250EB13D908A}.Debug|Any CPU.Build.0 = Debug|Any CPU
		{033BF123-0CF6-95E0-F0FC-250EB13D908A}.Release|Any CPU.ActiveCfg = Release|Any CPU
		{033BF123-0CF6-95E0-F0FC-250EB13D908A}.Release|Any CPU.Build.0 = Release|Any CPU
	EndGlobalSection
	GlobalSection(SolutionProperties) = preSolution
		HideSolutionNode = FALSE
	EndGlobalSection
	GlobalSection(NestedProjects) = preSolution
		{1DBB3BE4-6D03-412F-AAE6-2CB0E6962C61} = {02EA681E-C7D8-13C7-8484-4AC65E1B71E8}
		{76A50A81-5866-468B-93B7-E233F70FCCD3} = {02EA681E-C7D8-13C7-8484-4AC65E1B71E8}
		{5F03AF15-79F3-4DDD-80E6-132DED96402A} = {1DBB3BE4-6D03-412F-AAE6-2CB0E6962C61}
		{ADEF7E0E-04F4-497A-4582-555F22837BF0} = {5F03AF15-79F3-4DDD-80E6-132DED96402A}
		{F841C82C-3C91-13A8-4D4E-673B863A28D0} = {5F03AF15-79F3-4DDD-80E6-132DED96402A}
		{2B3E34B8-6F4F-A55F-4D0E-58D512E90460} = {5F03AF15-79F3-4DDD-80E6-132DED96402A}
		{7BF8E2D3-BC3C-CFC7-F681-F99AA998EE05} = {5F03AF15-79F3-4DDD-80E6-132DED96402A}
		{ED29F581-36E1-8D9B-EBDA-EBB8882E7894} = {76A50A81-5866-468B-93B7-E233F70FCCD3}
		{489CC58D-6D10-44E8-AD3C-A7DCCF18197D} = {02EA681E-C7D8-13C7-8484-4AC65E1B71E8}
		{3D8EDD0A-A47F-06FE-7927-2A30E6C3E4A9} = {489CC58D-6D10-44E8-AD3C-A7DCCF18197D}
		{F8F9B818-2DB1-DD60-6621-2779FE8FA41B} = {489CC58D-6D10-44E8-AD3C-A7DCCF18197D}
		{E069783E-066C-CEE4-B1B2-503A137F2378} = {489CC58D-6D10-44E8-AD3C-A7DCCF18197D}
		{7470A139-E173-49BC-B0AF-85C55C0BB15E} = {1DBB3BE4-6D03-412F-AAE6-2CB0E6962C61}
		{0358039D-A7C7-4ADB-AE2B-64AAB0953172} = {1DBB3BE4-6D03-412F-AAE6-2CB0E6962C61}
		{07BC9676-3DCD-5E71-D11B-8BC7541DAAE2} = {0358039D-A7C7-4ADB-AE2B-64AAB0953172}
		{C14E4273-F667-8AE9-4BF3-74AE8D7E9818} = {0358039D-A7C7-4ADB-AE2B-64AAB0953172}
		{EFE6B5A2-1FBC-5A4C-2937-CE707CB56385} = {0358039D-A7C7-4ADB-AE2B-64AAB0953172}
		{F8E78647-44D1-7E61-85DD-402997371043} = {0358039D-A7C7-4ADB-AE2B-64AAB0953172}
		{84FB90BC-1151-45EC-8042-735715731128} = {1DBB3BE4-6D03-412F-AAE6-2CB0E6962C61}
		{BA559D72-134C-42D5-B997-31BB04F8ED0C} = {1DBB3BE4-6D03-412F-AAE6-2CB0E6962C61}
		{E6AC219D-3A38-C6EB-5497-02C039B3B5EB} = {7470A139-E173-49BC-B0AF-85C55C0BB15E}
		{8703C7A4-7F25-3E5B-5CC3-7A6E632B81C7} = {7470A139-E173-49BC-B0AF-85C55C0BB15E}
		{AF0FCD1A-69D3-7A15-AE38-2D19583BF376} = {7470A139-E173-49BC-B0AF-85C55C0BB15E}
		{A8EB74E6-1359-5C79-583A-B551023E0243} = {7470A139-E173-49BC-B0AF-85C55C0BB15E}
		{3D1B4D65-93FF-C81F-A4DF-98DD2D92F549} = {BA559D72-134C-42D5-B997-31BB04F8ED0C}
		{74C4FA8E-D868-CED8-13A4-AB0FA015A299} = {BA559D72-134C-42D5-B997-31BB04F8ED0C}
		{26EB8583-9343-C671-58E5-D0A5A99092D8} = {BA559D72-134C-42D5-B997-31BB04F8ED0C}
		{20A424EB-B186-D269-F51B-E104ED270FB9} = {BA559D72-134C-42D5-B997-31BB04F8ED0C}
		{76E394FA-B408-A1BF-CD6D-8027F6BCA1F0} = {84FB90BC-1151-45EC-8042-735715731128}
		{B1059E2E-5BF1-B7FA-EE8C-2F286078E4B2} = {84FB90BC-1151-45EC-8042-735715731128}
		{7F139EAA-BFE6-090D-65A0-BCD04EF8CD2E} = {84FB90BC-1151-45EC-8042-735715731128}
		{03D21989-2109-FA3B-DBB3-7D7DF7D781CD} = {84FB90BC-1151-45EC-8042-735715731128}
		{EB96D769-896E-40DD-85A0-4D4A9042192C} = {1DBB3BE4-6D03-412F-AAE6-2CB0E6962C61}
		{33DA0429-C647-FB1D-4EA1-47AC2C67675D} = {EB96D769-896E-40DD-85A0-4D4A9042192C}
		{9767A9B9-0109-8364-2EC9-1B4E50A24103} = {EB96D769-896E-40DD-85A0-4D4A9042192C}
		{1FAF7133-BE13-F69F-9B4C-CD59659BE6A0} = {EB96D769-896E-40DD-85A0-4D4A9042192C}
		{11E4EACC-5317-DAA0-7937-A91CD88C590A} = {EB96D769-896E-40DD-85A0-4D4A9042192C}
		{7D1FA13E-6A88-4014-BF4E-BFC2B11EBF8C} = {BA559D72-134C-42D5-B997-31BB04F8ED0C}
		{D28E579E-FC38-9D1D-E92A-5E509BE2EEFD} = {7D1FA13E-6A88-4014-BF4E-BFC2B11EBF8C}
		{2D3F7DDA-8C29-871F-1260-B03472AB11FE} = {7D1FA13E-6A88-4014-BF4E-BFC2B11EBF8C}
		{7AFAC304-73F2-50F7-09EA-77ADCF5ED2D9} = {7D1FA13E-6A88-4014-BF4E-BFC2B11EBF8C}
		{8400B915-DFF1-4453-B512-985C6990AEB4} = {84FB90BC-1151-45EC-8042-735715731128}
		{51277106-0012-53B8-09AE-24F0CCC627EA} = {8400B915-DFF1-4453-B512-985C6990AEB4}
		{4839B0A2-048C-537B-7A83-1B997E3D15AC} = {8400B915-DFF1-4453-B512-985C6990AEB4}
		{A2E977D9-CDFC-0244-D554-ADC30C654734} = {8400B915-DFF1-4453-B512-985C6990AEB4}
		{CCC259EB-E603-41A5-86E4-991E71CF4360} = {489CC58D-6D10-44E8-AD3C-A7DCCF18197D}
		{2292D82A-2097-4CC6-AAFC-80835FB2E34A} = {7470A139-E173-49BC-B0AF-85C55C0BB15E}
		{B52EAB10-F6EE-4CB0-95CC-A7D2DFE78D78} = {EB96D769-896E-40DD-85A0-4D4A9042192C}
		{1E0467B2-1959-407D-9B53-EA5CEA92F6D4} = {5F03AF15-79F3-4DDD-80E6-132DED96402A}
		{3EE131C2-2484-4FC8-ACB9-F134D4F0A1DF} = {0358039D-A7C7-4ADB-AE2B-64AAB0953172}
		{8A629D4D-3732-9E69-6AEA-B351CD0D2839} = {2292D82A-2097-4CC6-AAFC-80835FB2E34A}
		{D7551485-08D8-763A-B38A-16DA061B387D} = {2292D82A-2097-4CC6-AAFC-80835FB2E34A}
		{8B8071A4-937A-8C6B-774F-8EB10BBED149} = {2292D82A-2097-4CC6-AAFC-80835FB2E34A}
		{B6FD8367-2A16-202D-5540-E367299AA3E0} = {B52EAB10-F6EE-4CB0-95CC-A7D2DFE78D78}
		{E69C5CDA-6294-B17F-9052-06657F05C3C4} = {B52EAB10-F6EE-4CB0-95CC-A7D2DFE78D78}
		{FB19C674-E3A8-9D3D-D2A2-2E11F3D74783} = {B52EAB10-F6EE-4CB0-95CC-A7D2DFE78D78}
		{C25BAAC4-2E06-6B58-57FA-39C89C198FD1} = {1E0467B2-1959-407D-9B53-EA5CEA92F6D4}
		{7DED1C43-27C0-B2E7-095C-F333C66433F4} = {1E0467B2-1959-407D-9B53-EA5CEA92F6D4}
		{E2934865-F956-0CCE-18E7-DABE6E71FE23} = {1E0467B2-1959-407D-9B53-EA5CEA92F6D4}
		{CEDEDA40-C631-B14C-08F2-02A7A94265B7} = {3EE131C2-2484-4FC8-ACB9-F134D4F0A1DF}
		{42BC553B-B585-172C-8A57-6F5055A39274} = {3EE131C2-2484-4FC8-ACB9-F134D4F0A1DF}
		{EA5E030D-BEB4-9A49-C3B7-8F8EEE6A0EEB} = {3EE131C2-2484-4FC8-ACB9-F134D4F0A1DF}
		{033BF123-0CF6-95E0-F0FC-250EB13D908A} = {CCC259EB-E603-41A5-86E4-991E71CF4360}
	EndGlobalSection
	GlobalSection(ExtensibilityGlobals) = postSolution
		SolutionGuid = {BD300A16-B862-450A-A9A0-D6A2C4900C55}
	EndGlobalSection
EndGlobal
