
Microsoft Visual Studio Solution File, Format Version 12.00
# Visual Studio Version 17
VisualStudioVersion = 17.14.36109.1
MinimumVisualStudioVersion = 10.0.40219.1
Project("{2150E333-8FDC-42A3-9474-1A3956D46DE8}") = "src", "src", "{02EA681E-C7D8-13C7-8484-4AC65E1B71E8}"
	ProjectSection(SolutionItems) = preProject
		docker-compose.yml = docker-compose.yml
	EndProjectSection
EndProject
Project("{2150E333-8FDC-42A3-9474-1A3956D46DE8}") = "Modules", "Modules", "{1DBB3BE4-6D03-412F-AAE6-2CB0E6962C61}"
EndProject
Project("{2150E333-8FDC-42A3-9474-1A3956D46DE8}") = "Api", "Api", "{76A50A81-5866-468B-93B7-E233F70FCCD3}"
EndProject
Project("{2150E333-8FDC-42A3-9474-1A3956D46DE8}") = "UserAccess", "UserAccess", "{5F03AF15-79F3-4DDD-80E6-132DED96402A}"
EndProject
Project("{FAE04EC0-301F-11D3-BF4B-00C04F79EFBC}") = "CleanOpsAi.Modules.UserAccess.Application", "src\Modules\UserAccess\CleanOpsAi.Modules.UserAccess.Application\CleanOpsAi.Modules.UserAccess.Application.csproj", "{ADEF7E0E-04F4-497A-4582-555F22837BF0}"
EndProject
Project("{FAE04EC0-301F-11D3-BF4B-00C04F79EFBC}") = "CleanOpsAi.Modules.UserAccess.Domain", "src\Modules\UserAccess\CleanOpsAi.Modules.UserAccess.Domain\CleanOpsAi.Modules.UserAccess.Domain.csproj", "{F841C82C-3C91-13A8-4D4E-673B863A28D0}"
EndProject
Project("{FAE04EC0-301F-11D3-BF4B-00C04F79EFBC}") = "CleanOpsAi.Modules.UserAccess.Infrastructure", "src\Modules\UserAccess\CleanOpsAi.Modules.UserAccess.Infrastructure\CleanOpsAi.Modules.UserAccess.Infrastructure.csproj", "{2B3E34B8-6F4F-A55F-4D0E-58D512E90460}"
EndProject
Project("{FAE04EC0-301F-11D3-BF4B-00C04F79EFBC}") = "CleanOpsAi.Modules.UserAccess.IntegrationEvents", "src\Modules\UserAccess\CleanOpsAi.Modules.UserAccess.IntegrationEvents\CleanOpsAi.Modules.UserAccess.IntegrationEvents.csproj", "{7BF8E2D3-BC3C-CFC7-F681-F99AA998EE05}"
EndProject
Project("{FAE04EC0-301F-11D3-BF4B-00C04F79EFBC}") = "CleanOpsAi.Api", "src\Api\CleanOpsAi.Api\CleanOpsAi.Api.csproj", "{ED29F581-36E1-8D9B-EBDA-EBB8882E7894}"
EndProject
Project("{2150E333-8FDC-42A3-9474-1A3956D46DE8}") = "BuildingBlocks", "BuildingBlocks", "{489CC58D-6D10-44E8-AD3C-A7DCCF18197D}"
EndProject
Project("{FAE04EC0-301F-11D3-BF4B-00C04F79EFBC}") = "CleanOpsAi.BuildingBlocks.Domain", "src\BuildingBlocks\CleanOpsAi.BuildingBlocks.Domain\CleanOpsAi.BuildingBlocks.Domain.csproj", "{3D8EDD0A-A47F-06FE-7927-2A30E6C3E4A9}"
EndProject
Project("{FAE04EC0-301F-11D3-BF4B-00C04F79EFBC}") = "CleanOpsAi.BuildingBlocks.Application", "src\BuildingBlocks\CleanOpsAi.BuildingBlocks.Application\CleanOpsAi.BuildingBlocks.Application.csproj", "{F8F9B818-2DB1-DD60-6621-2779FE8FA41B}"
EndProject
Project("{FAE04EC0-301F-11D3-BF4B-00C04F79EFBC}") = "CleanOpsAi.BuildingBlocks.Infrastructure", "src\BuildingBlocks\CleanOpsAi.BuildingBlocks.Infrastructure\CleanOpsAi.BuildingBlocks.Infrastructure.csproj", "{E069783E-066C-CEE4-B1B2-503A137F2378}"
EndProject
Global
	GlobalSection(SolutionConfigurationPlatforms) = preSolution
		Debug|Any CPU = Debug|Any CPU
		Release|Any CPU = Release|Any CPU
	EndGlobalSection
	GlobalSection(ProjectConfigurationPlatforms) = postSolution
		{ADEF7E0E-04F4-497A-4582-555F22837BF0}.Debug|Any CPU.ActiveCfg = Debug|Any CPU
		{ADEF7E0E-04F4-497A-4582-555F22837BF0}.Debug|Any CPU.Build.0 = Debug|Any CPU
		{ADEF7E0E-04F4-497A-4582-555F22837BF0}.Release|Any CPU.ActiveCfg = Release|Any CPU
		{ADEF7E0E-04F4-497A-4582-555F22837BF0}.Release|Any CPU.Build.0 = Release|Any CPU
		{F841C82C-3C91-13A8-4D4E-673B863A28D0}.Debug|Any CPU.ActiveCfg = Debug|Any CPU
		{F841C82C-3C91-13A8-4D4E-673B863A28D0}.Debug|Any CPU.Build.0 = Debug|Any CPU
		{F841C82C-3C91-13A8-4D4E-673B863A28D0}.Release|Any CPU.ActiveCfg = Release|Any CPU
		{F841C82C-3C91-13A8-4D4E-673B863A28D0}.Release|Any CPU.Build.0 = Release|Any CPU
		{2B3E34B8-6F4F-A55F-4D0E-58D512E90460}.Debug|Any CPU.ActiveCfg = Debug|Any CPU
		{2B3E34B8-6F4F-A55F-4D0E-58D512E90460}.Debug|Any CPU.Build.0 = Debug|Any CPU
		{2B3E34B8-6F4F-A55F-4D0E-58D512E90460}.Release|Any CPU.ActiveCfg = Release|Any CPU
		{2B3E34B8-6F4F-A55F-4D0E-58D512E90460}.Release|Any CPU.Build.0 = Release|Any CPU
		{7BF8E2D3-BC3C-CFC7-F681-F99AA998EE05}.Debug|Any CPU.ActiveCfg = Debug|Any CPU
		{7BF8E2D3-BC3C-CFC7-F681-F99AA998EE05}.Debug|Any CPU.Build.0 = Debug|Any CPU
		{7BF8E2D3-BC3C-CFC7-F681-F99AA998EE05}.Release|Any CPU.ActiveCfg = Release|Any CPU
		{7BF8E2D3-BC3C-CFC7-F681-F99AA998EE05}.Release|Any CPU.Build.0 = Release|Any CPU
		{ED29F581-36E1-8D9B-EBDA-EBB8882E7894}.Debug|Any CPU.ActiveCfg = Debug|Any CPU
		{ED29F581-36E1-8D9B-EBDA-EBB8882E7894}.Debug|Any CPU.Build.0 = Debug|Any CPU
		{ED29F581-36E1-8D9B-EBDA-EBB8882E7894}.Release|Any CPU.ActiveCfg = Release|Any CPU
		{ED29F581-36E1-8D9B-EBDA-EBB8882E7894}.Release|Any CPU.Build.0 = Release|Any CPU
		{3D8EDD0A-A47F-06FE-7927-2A30E6C3E4A9}.Debug|Any CPU.ActiveCfg = Debug|Any CPU
		{3D8EDD0A-A47F-06FE-7927-2A30E6C3E4A9}.Debug|Any CPU.Build.0 = Debug|Any CPU
		{3D8EDD0A-A47F-06FE-7927-2A30E6C3E4A9}.Release|Any CPU.ActiveCfg = Release|Any CPU
		{3D8EDD0A-A47F-06FE-7927-2A30E6C3E4A9}.Release|Any CPU.Build.0 = Release|Any CPU
		{F8F9B818-2DB1-DD60-6621-2779FE8FA41B}.Debug|Any CPU.ActiveCfg = Debug|Any CPU
		{F8F9B818-2DB1-DD60-6621-2779FE8FA41B}.Debug|Any CPU.Build.0 = Debug|Any CPU
		{F8F9B818-2DB1-DD60-6621-2779FE8FA41B}.Release|Any CPU.ActiveCfg = Release|Any CPU
		{F8F9B818-2DB1-DD60-6621-2779FE8FA41B}.Release|Any CPU.Build.0 = Release|Any CPU
		{E069783E-066C-CEE4-B1B2-503A137F2378}.Debug|Any CPU.ActiveCfg = Debug|Any CPU
		{E069783E-066C-CEE4-B1B2-503A137F2378}.Debug|Any CPU.Build.0 = Debug|Any CPU
		{E069783E-066C-CEE4-B1B2-503A137F2378}.Release|Any CPU.ActiveCfg = Release|Any CPU
		{E069783E-066C-CEE4-B1B2-503A137F2378}.Release|Any CPU.Build.0 = Release|Any CPU
	EndGlobalSection
	GlobalSection(SolutionProperties) = preSolution
		HideSolutionNode = FALSE
	EndGlobalSection
	GlobalSection(NestedProjects) = preSolution
		{1DBB3BE4-6D03-412F-AAE6-2CB0E6962C61} = {02EA681E-C7D8-13C7-8484-4AC65E1B71E8}
		{76A50A81-5866-468B-93B7-E233F70FCCD3} = {02EA681E-C7D8-13C7-8484-4AC65E1B71E8}
		{5F03AF15-79F3-4DDD-80E6-132DED96402A} = {1DBB3BE4-6D03-412F-AAE6-2CB0E6962C61}
		{ADEF7E0E-04F4-497A-4582-555F22837BF0} = {5F03AF15-79F3-4DDD-80E6-132DED96402A}
		{F841C82C-3C91-13A8-4D4E-673B863A28D0} = {5F03AF15-79F3-4DDD-80E6-132DED96402A}
		{2B3E34B8-6F4F-A55F-4D0E-58D512E90460} = {5F03AF15-79F3-4DDD-80E6-132DED96402A}
		{7BF8E2D3-BC3C-CFC7-F681-F99AA998EE05} = {5F03AF15-79F3-4DDD-80E6-132DED96402A}
		{ED29F581-36E1-8D9B-EBDA-EBB8882E7894} = {76A50A81-5866-468B-93B7-E233F70FCCD3}
		{489CC58D-6D10-44E8-AD3C-A7DCCF18197D} = {02EA681E-C7D8-13C7-8484-4AC65E1B71E8}
		{3D8EDD0A-A47F-06FE-7927-2A30E6C3E4A9} = {489CC58D-6D10-44E8-AD3C-A7DCCF18197D}
		{F8F9B818-2DB1-DD60-6621-2779FE8FA41B} = {489CC58D-6D10-44E8-AD3C-A7DCCF18197D}
		{E069783E-066C-CEE4-B1B2-503A137F2378} = {489CC58D-6D10-44E8-AD3C-A7DCCF18197D}
	EndGlobalSection
	GlobalSection(ExtensibilityGlobals) = postSolution
		SolutionGuid = {BD300A16-B862-450A-A9A0-D6A2C4900C55}
	EndGlobalSection
EndGlobal
